
Microsoft Visual Studio Solution File, Format Version 12.00
# Visual Studio Version 17
VisualStudioVersion = 17.14.36518.9 d17.14
MinimumVisualStudioVersion = 10.0.40219.1
Project("{FAE04EC0-301F-11D3-BF4B-00C04F79EFBC}") = "RecruitmentApp.API", "RecruitmentApp.API.csproj", "{67A73650-C86A-496C-B8BF-481DD9571ECF}"
EndProject
Global
	GlobalSection(SolutionConfigurationPlatforms) = preSolution
		Debug|Any CPU = Debug|Any CPU
		Release|Any CPU = Release|Any CPU
	EndGlobalSection
	GlobalSection(ProjectConfigurationPlatforms) = postSolution
		{67A73650-C86A-496C-B8BF-481DD9571ECF}.Debug|Any CPU.ActiveCfg = Debug|Any CPU
		{67A73650-C86A-496C-B8BF-481DD9571ECF}.Debug|Any CPU.Build.0 = Debug|Any CPU
		{67A73650-C86A-496C-B8BF-481DD9571ECF}.Release|Any CPU.ActiveCfg = Release|Any CPU
		{67A73650-C86A-496C-B8BF-481DD9571ECF}.Release|Any CPU.Build.0 = Release|Any CPU
	EndGlobalSection
	GlobalSection(SolutionProperties) = preSolution
		HideSolutionNode = FALSE
	EndGlobalSection
	GlobalSection(ExtensibilityGlobals) = postSolution
		SolutionGuid = {7058F474-1508-4561-8635-E8837437BF6F}
	EndGlobalSection
EndGlobal
